// !$*UTF8*$!
{
	archiveVersion = 1;
	classes = {
	};
	objectVersion = 56;
	objects = {

/* Begin PBXBuildFile section */
		F2C63A2028BFCFEF00C78717 /* EmojibookApp.swift in Sources */ = {isa = PBXBuildFile; fileRef = F2C63A1F28BFCFEF00C78717 /* EmojibookApp.swift */; };
		F2C63A2228BFCFEF00C78717 /* EmojibookListView.swift in Sources */ = {isa = PBXBuildFile; fileRef = F2C63A2128BFCFEF00C78717 /* EmojibookListView.swift */; };
		F2C63A2428BFCFF000C78717 /* Assets.xcassets in Resources */ = {isa = PBXBuildFile; fileRef = F2C63A2328BFCFF000C78717 /* Assets.xcassets */; };
		F2C63A2728BFCFF000C78717 /* Preview Assets.xcassets in Resources */ = {isa = PBXBuildFile; fileRef = F2C63A2628BFCFF000C78717 /* Preview Assets.xcassets */; };
		F2C63A3128BFCFF000C78717 /* EmojibookTests.swift in Sources */ = {isa = PBXBuildFile; fileRef = F2C63A3028BFCFF000C78717 /* EmojibookTests.swift */; };
		F2C63A3B28BFCFF000C78717 /* EmojibookUITests.swift in Sources */ = {isa = PBXBuildFile; fileRef = F2C63A3A28BFCFF000C78717 /* EmojibookUITests.swift */; };
		F2C63A3D28BFCFF000C78717 /* EmojibookUITestsLaunchTests.swift in Sources */ = {isa = PBXBuildFile; fileRef = F2C63A3C28BFCFF000C78717 /* EmojibookUITestsLaunchTests.swift */; };
		F2C63A4A28BFD28200C78717 /* EmojiDetails.swift in Sources */ = {isa = PBXBuildFile; fileRef = F2C63A4928BFD28200C78717 /* EmojiDetails.swift */; };
		F2C63A4C28BFD35E00C78717 /* EmojiProvider.swift in Sources */ = {isa = PBXBuildFile; fileRef = F2C63A4B28BFD35E00C78717 /* EmojiProvider.swift */; };
		F2C63A4E28BFD48200C78717 /* EmojiItemView.swift in Sources */ = {isa = PBXBuildFile; fileRef = F2C63A4D28BFD48200C78717 /* EmojiItemView.swift */; };
		F2C63A5028C0192F00C78717 /* EmojiDetailsView.swift in Sources */ = {isa = PBXBuildFile; fileRef = F2C63A4F28C0192F00C78717 /* EmojiDetailsView.swift */; };
		F2C63A5828C01C9200C78717 /* WidgetKit.framework in Frameworks */ = {isa = PBXBuildFile; fileRef = F2C63A5728C01C9200C78717 /* WidgetKit.framework */; };
		F2C63A5A28C01C9200C78717 /* SwiftUI.framework in Frameworks */ = {isa = PBXBuildFile; fileRef = F2C63A5928C01C9200C78717 /* SwiftUI.framework */; };
		F2C63A5D28C01C9200C78717 /* Emojibook_widget.swift in Sources */ = {isa = PBXBuildFile; fileRef = F2C63A5C28C01C9200C78717 /* Emojibook_widget.swift */; };
		F2C63A5F28C01C9400C78717 /* Assets.xcassets in Resources */ = {isa = PBXBuildFile; fileRef = F2C63A5E28C01C9400C78717 /* Assets.xcassets */; };
		F2C63A6328C01C9400C78717 /* Emojibook widgetExtension.appex in Embed Foundation Extensions */ = {isa = PBXBuildFile; fileRef = F2C63A5528C01C9200C78717 /* Emojibook widgetExtension.appex */; settings = {ATTRIBUTES = (RemoveHeadersOnCopy, ); }; };
		F2C63A6828C023BD00C78717 /* EmojiProvider.swift in Sources */ = {isa = PBXBuildFile; fileRef = F2C63A4B28BFD35E00C78717 /* EmojiProvider.swift */; };
		F2C63A6928C023D500C78717 /* EmojiDetails.swift in Sources */ = {isa = PBXBuildFile; fileRef = F2C63A4928BFD28200C78717 /* EmojiDetails.swift */; };
		F2C63A6B28C0241500C78717 /* EmojiWidgetView.swift in Sources */ = {isa = PBXBuildFile; fileRef = F2C63A6A28C0241500C78717 /* EmojiWidgetView.swift */; };
/* End PBXBuildFile section */

/* Begin PBXContainerItemProxy section */
		F2C63A2D28BFCFF000C78717 /* PBXContainerItemProxy */ = {
			isa = PBXContainerItemProxy;
			containerPortal = F2C63A1428BFCFEF00C78717 /* Project object */;
			proxyType = 1;
			remoteGlobalIDString = F2C63A1B28BFCFEF00C78717;
			remoteInfo = Emojibook;
		};
		F2C63A3728BFCFF000C78717 /* PBXContainerItemProxy */ = {
			isa = PBXContainerItemProxy;
			containerPortal = F2C63A1428BFCFEF00C78717 /* Project object */;
			proxyType = 1;
			remoteGlobalIDString = F2C63A1B28BFCFEF00C78717;
			remoteInfo = Emojibook;
		};
		F2C63A6128C01C9400C78717 /* PBXContainerItemProxy */ = {
			isa = PBXContainerItemProxy;
			containerPortal = F2C63A1428BFCFEF00C78717 /* Project object */;
			proxyType = 1;
			remoteGlobalIDString = F2C63A5428C01C9200C78717;
			remoteInfo = "Emojibook widgetExtension";
		};
/* End PBXContainerItemProxy section */

/* Begin PBXCopyFilesBuildPhase section */
		F2C63A6728C01C9400C78717 /* Embed Foundation Extensions */ = {
			isa = PBXCopyFilesBuildPhase;
			buildActionMask = 2147483647;
			dstPath = "";
			dstSubfolderSpec = 13;
			files = (
				F2C63A6328C01C9400C78717 /* Emojibook widgetExtension.appex in Embed Foundation Extensions */,
			);
			name = "Embed Foundation Extensions";
			runOnlyForDeploymentPostprocessing = 0;
		};
/* End PBXCopyFilesBuildPhase section */

/* Begin PBXFileReference section */
		F2C63A1C28BFCFEF00C78717 /* Emojibook.app */ = {isa = PBXFileReference; explicitFileType = wrapper.application; includeInIndex = 0; path = Emojibook.app; sourceTree = BUILT_PRODUCTS_DIR; };
		F2C63A1F28BFCFEF00C78717 /* EmojibookApp.swift */ = {isa = PBXFileReference; lastKnownFileType = sourcecode.swift; path = EmojibookApp.swift; sourceTree = "<group>"; };
		F2C63A2128BFCFEF00C78717 /* EmojibookListView.swift */ = {isa = PBXFileReference; lastKnownFileType = sourcecode.swift; path = EmojibookListView.swift; sourceTree = "<group>"; };
		F2C63A2328BFCFF000C78717 /* Assets.xcassets */ = {isa = PBXFileReference; lastKnownFileType = folder.assetcatalog; path = Assets.xcassets; sourceTree = "<group>"; };
		F2C63A2628BFCFF000C78717 /* Preview Assets.xcassets */ = {isa = PBXFileReference; lastKnownFileType = folder.assetcatalog; path = "Preview Assets.xcassets"; sourceTree = "<group>"; };
		F2C63A2C28BFCFF000C78717 /* EmojibookTests.xctest */ = {isa = PBXFileReference; explicitFileType = wrapper.cfbundle; includeInIndex = 0; path = EmojibookTests.xctest; sourceTree = BUILT_PRODUCTS_DIR; };
		F2C63A3028BFCFF000C78717 /* EmojibookTests.swift */ = {isa = PBXFileReference; lastKnownFileType = sourcecode.swift; path = EmojibookTests.swift; sourceTree = "<group>"; };
		F2C63A3628BFCFF000C78717 /* EmojibookUITests.xctest */ = {isa = PBXFileReference; explicitFileType = wrapper.cfbundle; includeInIndex = 0; path = EmojibookUITests.xctest; sourceTree = BUILT_PRODUCTS_DIR; };
		F2C63A3A28BFCFF000C78717 /* EmojibookUITests.swift */ = {isa = PBXFileReference; lastKnownFileType = sourcecode.swift; path = EmojibookUITests.swift; sourceTree = "<group>"; };
		F2C63A3C28BFCFF000C78717 /* EmojibookUITestsLaunchTests.swift */ = {isa = PBXFileReference; lastKnownFileType = sourcecode.swift; path = EmojibookUITestsLaunchTests.swift; sourceTree = "<group>"; };
		F2C63A4928BFD28200C78717 /* EmojiDetails.swift */ = {isa = PBXFileReference; lastKnownFileType = sourcecode.swift; path = EmojiDetails.swift; sourceTree = "<group>"; };
		F2C63A4B28BFD35E00C78717 /* EmojiProvider.swift */ = {isa = PBXFileReference; lastKnownFileType = sourcecode.swift; path = EmojiProvider.swift; sourceTree = "<group>"; };
		F2C63A4D28BFD48200C78717 /* EmojiItemView.swift */ = {isa = PBXFileReference; lastKnownFileType = sourcecode.swift; path = EmojiItemView.swift; sourceTree = "<group>"; };
		F2C63A4F28C0192F00C78717 /* EmojiDetailsView.swift */ = {isa = PBXFileReference; lastKnownFileType = sourcecode.swift; path = EmojiDetailsView.swift; sourceTree = "<group>"; };
		F2C63A5528C01C9200C78717 /* Emojibook widgetExtension.appex */ = {isa = PBXFileReference; explicitFileType = "wrapper.app-extension"; includeInIndex = 0; path = "Emojibook widgetExtension.appex"; sourceTree = BUILT_PRODUCTS_DIR; };
		F2C63A5728C01C9200C78717 /* WidgetKit.framework */ = {isa = PBXFileReference; lastKnownFileType = wrapper.framework; name = WidgetKit.framework; path = System/Library/Frameworks/WidgetKit.framework; sourceTree = SDKROOT; };
		F2C63A5928C01C9200C78717 /* SwiftUI.framework */ = {isa = PBXFileReference; lastKnownFileType = wrapper.framework; name = SwiftUI.framework; path = System/Library/Frameworks/SwiftUI.framework; sourceTree = SDKROOT; };
		F2C63A5C28C01C9200C78717 /* Emojibook_widget.swift */ = {isa = PBXFileReference; lastKnownFileType = sourcecode.swift; path = Emojibook_widget.swift; sourceTree = "<group>"; };
		F2C63A5E28C01C9400C78717 /* Assets.xcassets */ = {isa = PBXFileReference; lastKnownFileType = folder.assetcatalog; path = Assets.xcassets; sourceTree = "<group>"; };
		F2C63A6028C01C9400C78717 /* Info.plist */ = {isa = PBXFileReference; lastKnownFileType = text.plist.xml; path = Info.plist; sourceTree = "<group>"; };
		F2C63A6A28C0241500C78717 /* EmojiWidgetView.swift */ = {isa = PBXFileReference; lastKnownFileType = sourcecode.swift; path = EmojiWidgetView.swift; sourceTree = "<group>"; };
/* End PBXFileReference section */

/* Begin PBXFrameworksBuildPhase section */
		F2C63A1928BFCFEF00C78717 /* Frameworks */ = {
			isa = PBXFrameworksBuildPhase;
			buildActionMask = 2147483647;
			files = (
			);
			runOnlyForDeploymentPostprocessing = 0;
		};
		F2C63A2928BFCFF000C78717 /* Frameworks */ = {
			isa = PBXFrameworksBuildPhase;
			buildActionMask = 2147483647;
			files = (
			);
			runOnlyForDeploymentPostprocessing = 0;
		};
		F2C63A3328BFCFF000C78717 /* Frameworks */ = {
			isa = PBXFrameworksBuildPhase;
			buildActionMask = 2147483647;
			files = (
			);
			runOnlyForDeploymentPostprocessing = 0;
		};
		F2C63A5228C01C9200C78717 /* Frameworks */ = {
			isa = PBXFrameworksBuildPhase;
			buildActionMask = 2147483647;
			files = (
				F2C63A5A28C01C9200C78717 /* SwiftUI.framework in Frameworks */,
				F2C63A5828C01C9200C78717 /* WidgetKit.framework in Frameworks */,
			);
			runOnlyForDeploymentPostprocessing = 0;
		};
/* End PBXFrameworksBuildPhase section */

/* Begin PBXGroup section */
		F2C63A1328BFCFEF00C78717 = {
			isa = PBXGroup;
			children = (
				F2C63A1E28BFCFEF00C78717 /* Emojibook */,
				F2C63A2F28BFCFF000C78717 /* EmojibookTests */,
				F2C63A3928BFCFF000C78717 /* EmojibookUITests */,
				F2C63A5B28C01C9200C78717 /* Emojibook widget */,
				F2C63A5628C01C9200C78717 /* Frameworks */,
				F2C63A1D28BFCFEF00C78717 /* Products */,
			);
			sourceTree = "<group>";
		};
		F2C63A1D28BFCFEF00C78717 /* Products */ = {
			isa = PBXGroup;
			children = (
				F2C63A1C28BFCFEF00C78717 /* Emojibook.app */,
				F2C63A2C28BFCFF000C78717 /* EmojibookTests.xctest */,
				F2C63A3628BFCFF000C78717 /* EmojibookUITests.xctest */,
				F2C63A5528C01C9200C78717 /* Emojibook widgetExtension.appex */,
			);
			name = Products;
			sourceTree = "<group>";
		};
		F2C63A1E28BFCFEF00C78717 /* Emojibook */ = {
			isa = PBXGroup;
			children = (
				F2C63A1F28BFCFEF00C78717 /* EmojibookApp.swift */,
				F2C63A2128BFCFEF00C78717 /* EmojibookListView.swift */,
				F2C63A2328BFCFF000C78717 /* Assets.xcassets */,
				F2C63A2528BFCFF000C78717 /* Preview Content */,
				F2C63A4B28BFD35E00C78717 /* EmojiProvider.swift */,
				F2C63A4928BFD28200C78717 /* EmojiDetails.swift */,
				F2C63A4D28BFD48200C78717 /* EmojiItemView.swift */,
				F2C63A4F28C0192F00C78717 /* EmojiDetailsView.swift */,
			);
			path = Emojibook;
			sourceTree = "<group>";
		};
		F2C63A2528BFCFF000C78717 /* Preview Content */ = {
			isa = PBXGroup;
			children = (
				F2C63A2628BFCFF000C78717 /* Preview Assets.xcassets */,
			);
			path = "Preview Content";
			sourceTree = "<group>";
		};
		F2C63A2F28BFCFF000C78717 /* EmojibookTests */ = {
			isa = PBXGroup;
			children = (
				F2C63A3028BFCFF000C78717 /* EmojibookTests.swift */,
			);
			path = EmojibookTests;
			sourceTree = "<group>";
		};
		F2C63A3928BFCFF000C78717 /* EmojibookUITests */ = {
			isa = PBXGroup;
			children = (
				F2C63A3A28BFCFF000C78717 /* EmojibookUITests.swift */,
				F2C63A3C28BFCFF000C78717 /* EmojibookUITestsLaunchTests.swift */,
			);
			path = EmojibookUITests;
			sourceTree = "<group>";
		};
		F2C63A5628C01C9200C78717 /* Frameworks */ = {
			isa = PBXGroup;
			children = (
				F2C63A5728C01C9200C78717 /* WidgetKit.framework */,
				F2C63A5928C01C9200C78717 /* SwiftUI.framework */,
			);
			name = Frameworks;
			sourceTree = "<group>";
		};
		F2C63A5B28C01C9200C78717 /* Emojibook widget */ = {
			isa = PBXGroup;
			children = (
				F2C63A6A28C0241500C78717 /* EmojiWidgetView.swift */,
				F2C63A5C28C01C9200C78717 /* Emojibook_widget.swift */,
				F2C63A5E28C01C9400C78717 /* Assets.xcassets */,
				F2C63A6028C01C9400C78717 /* Info.plist */,
			);
			path = "Emojibook widget";
			sourceTree = "<group>";
		};
/* End PBXGroup section */

/* Begin PBXNativeTarget section */
		F2C63A1B28BFCFEF00C78717 /* Emojibook */ = {
			isa = PBXNativeTarget;
			buildConfigurationList = F2C63A4028BFCFF000C78717 /* Build configuration list for PBXNativeTarget "Emojibook" */;
			buildPhases = (
				F2C63A1828BFCFEF00C78717 /* Sources */,
				F2C63A1928BFCFEF00C78717 /* Frameworks */,
				F2C63A1A28BFCFEF00C78717 /* Resources */,
				F2C63A6728C01C9400C78717 /* Embed Foundation Extensions */,
			);
			buildRules = (
			);
			dependencies = (
				F2C63A6228C01C9400C78717 /* PBXTargetDependency */,
			);
			name = Emojibook;
			productName = Emojibook;
			productReference = F2C63A1C28BFCFEF00C78717 /* Emojibook.app */;
			productType = "com.apple.product-type.application";
		};
		F2C63A2B28BFCFF000C78717 /* EmojibookTests */ = {
			isa = PBXNativeTarget;
			buildConfigurationList = F2C63A4328BFCFF000C78717 /* Build configuration list for PBXNativeTarget "EmojibookTests" */;
			buildPhases = (
				F2C63A2828BFCFF000C78717 /* Sources */,
				F2C63A2928BFCFF000C78717 /* Frameworks */,
				F2C63A2A28BFCFF000C78717 /* Resources */,
			);
			buildRules = (
			);
			dependencies = (
				F2C63A2E28BFCFF000C78717 /* PBXTargetDependency */,
			);
			name = EmojibookTests;
			productName = EmojibookTests;
			productReference = F2C63A2C28BFCFF000C78717 /* EmojibookTests.xctest */;
			productType = "com.apple.product-type.bundle.unit-test";
		};
		F2C63A3528BFCFF000C78717 /* EmojibookUITests */ = {
			isa = PBXNativeTarget;
			buildConfigurationList = F2C63A4628BFCFF000C78717 /* Build configuration list for PBXNativeTarget "EmojibookUITests" */;
			buildPhases = (
				F2C63A3228BFCFF000C78717 /* Sources */,
				F2C63A3328BFCFF000C78717 /* Frameworks */,
				F2C63A3428BFCFF000C78717 /* Resources */,
			);
			buildRules = (
			);
			dependencies = (
				F2C63A3828BFCFF000C78717 /* PBXTargetDependency */,
			);
			name = EmojibookUITests;
			productName = EmojibookUITests;
			productReference = F2C63A3628BFCFF000C78717 /* EmojibookUITests.xctest */;
			productType = "com.apple.product-type.bundle.ui-testing";
		};
		F2C63A5428C01C9200C78717 /* Emojibook widgetExtension */ = {
			isa = PBXNativeTarget;
			buildConfigurationList = F2C63A6428C01C9400C78717 /* Build configuration list for PBXNativeTarget "Emojibook widgetExtension" */;
			buildPhases = (
				F2C63A5128C01C9200C78717 /* Sources */,
				F2C63A5228C01C9200C78717 /* Frameworks */,
				F2C63A5328C01C9200C78717 /* Resources */,
			);
			buildRules = (
			);
			dependencies = (
			);
			name = "Emojibook widgetExtension";
			productName = "Emojibook widgetExtension";
			productReference = F2C63A5528C01C9200C78717 /* Emojibook widgetExtension.appex */;
			productType = "com.apple.product-type.app-extension";
		};
/* End PBXNativeTarget section */

/* Begin PBXProject section */
		F2C63A1428BFCFEF00C78717 /* Project object */ = {
			isa = PBXProject;
			attributes = {
				BuildIndependentTargetsInParallel = 1;
				LastSwiftUpdateCheck = 1400;
				LastUpgradeCheck = 1400;
				TargetAttributes = {
					F2C63A1B28BFCFEF00C78717 = {
						CreatedOnToolsVersion = 14.0;
					};
					F2C63A2B28BFCFF000C78717 = {
						CreatedOnToolsVersion = 14.0;
						TestTargetID = F2C63A1B28BFCFEF00C78717;
					};
					F2C63A3528BFCFF000C78717 = {
						CreatedOnToolsVersion = 14.0;
						TestTargetID = F2C63A1B28BFCFEF00C78717;
					};
					F2C63A5428C01C9200C78717 = {
						CreatedOnToolsVersion = 14.0;
					};
				};
			};
			buildConfigurationList = F2C63A1728BFCFEF00C78717 /* Build configuration list for PBXProject "Emojibook" */;
			compatibilityVersion = "Xcode 14.0";
			developmentRegion = en;
			hasScannedForEncodings = 0;
			knownRegions = (
				en,
				Base,
			);
			mainGroup = F2C63A1328BFCFEF00C78717;
			productRefGroup = F2C63A1D28BFCFEF00C78717 /* Products */;
			projectDirPath = "";
			projectRoot = "";
			targets = (
				F2C63A1B28BFCFEF00C78717 /* Emojibook */,
				F2C63A2B28BFCFF000C78717 /* EmojibookTests */,
				F2C63A3528BFCFF000C78717 /* EmojibookUITests */,
				F2C63A5428C01C9200C78717 /* Emojibook widgetExtension */,
			);
		};
/* End PBXProject section */

/* Begin PBXResourcesBuildPhase section */
		F2C63A1A28BFCFEF00C78717 /* Resources */ = {
			isa = PBXResourcesBuildPhase;
			buildActionMask = 2147483647;
			files = (
				F2C63A2728BFCFF000C78717 /* Preview Assets.xcassets in Resources */,
				F2C63A2428BFCFF000C78717 /* Assets.xcassets in Resources */,
			);
			runOnlyForDeploymentPostprocessing = 0;
		};
		F2C63A2A28BFCFF000C78717 /* Resources */ = {
			isa = PBXResourcesBuildPhase;
			buildActionMask = 2147483647;
			files = (
			);
			runOnlyForDeploymentPostprocessing = 0;
		};
		F2C63A3428BFCFF000C78717 /* Resources */ = {
			isa = PBXResourcesBuildPhase;
			buildActionMask = 2147483647;
			files = (
			);
			runOnlyForDeploymentPostprocessing = 0;
		};
		F2C63A5328C01C9200C78717 /* Resources */ = {
			isa = PBXResourcesBuildPhase;
			buildActionMask = 2147483647;
			files = (
				F2C63A5F28C01C9400C78717 /* Assets.xcassets in Resources */,
			);
			runOnlyForDeploymentPostprocessing = 0;
		};
/* End PBXResourcesBuildPhase section */

/* Begin PBXSourcesBuildPhase section */
		F2C63A1828BFCFEF00C78717 /* Sources */ = {
			isa = PBXSourcesBuildPhase;
			buildActionMask = 2147483647;
			files = (
				F2C63A5028C0192F00C78717 /* EmojiDetailsView.swift in Sources */,
				F2C63A2228BFCFEF00C78717 /* EmojibookListView.swift in Sources */,
				F2C63A4E28BFD48200C78717 /* EmojiItemView.swift in Sources */,
				F2C63A4C28BFD35E00C78717 /* EmojiProvider.swift in Sources */,
				F2C63A2028BFCFEF00C78717 /* EmojibookApp.swift in Sources */,
				F2C63A4A28BFD28200C78717 /* EmojiDetails.swift in Sources */,
			);
			runOnlyForDeploymentPostprocessing = 0;
		};
		F2C63A2828BFCFF000C78717 /* Sources */ = {
			isa = PBXSourcesBuildPhase;
			buildActionMask = 2147483647;
			files = (
				F2C63A3128BFCFF000C78717 /* EmojibookTests.swift in Sources */,
			);
			runOnlyForDeploymentPostprocessing = 0;
		};
		F2C63A3228BFCFF000C78717 /* Sources */ = {
			isa = PBXSourcesBuildPhase;
			buildActionMask = 2147483647;
			files = (
				F2C63A3D28BFCFF000C78717 /* EmojibookUITestsLaunchTests.swift in Sources */,
				F2C63A3B28BFCFF000C78717 /* EmojibookUITests.swift in Sources */,
			);
			runOnlyForDeploymentPostprocessing = 0;
		};
		F2C63A5128C01C9200C78717 /* Sources */ = {
			isa = PBXSourcesBuildPhase;
			buildActionMask = 2147483647;
			files = (
				F2C63A5D28C01C9200C78717 /* Emojibook_widget.swift in Sources */,
				F2C63A6828C023BD00C78717 /* EmojiProvider.swift in Sources */,
				F2C63A6928C023D500C78717 /* EmojiDetails.swift in Sources */,
				F2C63A6B28C0241500C78717 /* EmojiWidgetView.swift in Sources */,
			);
			runOnlyForDeploymentPostprocessing = 0;
		};
/* End PBXSourcesBuildPhase section */

/* Begin PBXTargetDependency section */
		F2C63A2E28BFCFF000C78717 /* PBXTargetDependency */ = {
			isa = PBXTargetDependency;
			target = F2C63A1B28BFCFEF00C78717 /* Emojibook */;
			targetProxy = F2C63A2D28BFCFF000C78717 /* PBXContainerItemProxy */;
		};
		F2C63A3828BFCFF000C78717 /* PBXTargetDependency */ = {
			isa = PBXTargetDependency;
			target = F2C63A1B28BFCFEF00C78717 /* Emojibook */;
			targetProxy = F2C63A3728BFCFF000C78717 /* PBXContainerItemProxy */;
		};
		F2C63A6228C01C9400C78717 /* PBXTargetDependency */ = {
			isa = PBXTargetDependency;
			target = F2C63A5428C01C9200C78717 /* Emojibook widgetExtension */;
			targetProxy = F2C63A6128C01C9400C78717 /* PBXContainerItemProxy */;
		};
/* End PBXTargetDependency section */

/* Begin XCBuildConfiguration section */
		F2C63A3E28BFCFF000C78717 /* Debug */ = {
			isa = XCBuildConfiguration;
			buildSettings = {
				ALWAYS_SEARCH_USER_PATHS = NO;
				CLANG_ANALYZER_NONNULL = YES;
				CLANG_ANALYZER_NUMBER_OBJECT_CONVERSION = YES_AGGRESSIVE;
				CLANG_CXX_LANGUAGE_STANDARD = "gnu++20";
				CLANG_ENABLE_MODULES = YES;
				CLANG_ENABLE_OBJC_ARC = YES;
				CLANG_ENABLE_OBJC_WEAK = YES;
				CLANG_WARN_BLOCK_CAPTURE_AUTORELEASING = YES;
				CLANG_WARN_BOOL_CONVERSION = YES;
				CLANG_WARN_COMMA = YES;
				CLANG_WARN_CONSTANT_CONVERSION = YES;
				CLANG_WARN_DEPRECATED_OBJC_IMPLEMENTATIONS = YES;
				CLANG_WARN_DIRECT_OBJC_ISA_USAGE = YES_ERROR;
				CLANG_WARN_DOCUMENTATION_COMMENTS = YES;
				CLANG_WARN_EMPTY_BODY = YES;
				CLANG_WARN_ENUM_CONVERSION = YES;
				CLANG_WARN_INFINITE_RECURSION = YES;
				CLANG_WARN_INT_CONVERSION = YES;
				CLANG_WARN_NON_LITERAL_NULL_CONVERSION = YES;
				CLANG_WARN_OBJC_IMPLICIT_RETAIN_SELF = YES;
				CLANG_WARN_OBJC_LITERAL_CONVERSION = YES;
				CLANG_WARN_OBJC_ROOT_CLASS = YES_ERROR;
				CLANG_WARN_QUOTED_INCLUDE_IN_FRAMEWORK_HEADER = YES;
				CLANG_WARN_RANGE_LOOP_ANALYSIS = YES;
				CLANG_WARN_STRICT_PROTOTYPES = YES;
				CLANG_WARN_SUSPICIOUS_MOVE = YES;
				CLANG_WARN_UNGUARDED_AVAILABILITY = YES_AGGRESSIVE;
				CLANG_WARN_UNREACHABLE_CODE = YES;
				CLANG_WARN__DUPLICATE_METHOD_MATCH = YES;
				COPY_PHASE_STRIP = NO;
				DEBUG_INFORMATION_FORMAT = dwarf;
				ENABLE_STRICT_OBJC_MSGSEND = YES;
				ENABLE_TESTABILITY = YES;
				GCC_C_LANGUAGE_STANDARD = gnu11;
				GCC_DYNAMIC_NO_PIC = NO;
				GCC_NO_COMMON_BLOCKS = YES;
				GCC_OPTIMIZATION_LEVEL = 0;
				GCC_PREPROCESSOR_DEFINITIONS = (
					"DEBUG=1",
					"$(inherited)",
				);
				GCC_WARN_64_TO_32_BIT_CONVERSION = YES;
				GCC_WARN_ABOUT_RETURN_TYPE = YES_ERROR;
				GCC_WARN_UNDECLARED_SELECTOR = YES;
				GCC_WARN_UNINITIALIZED_AUTOS = YES_AGGRESSIVE;
				GCC_WARN_UNUSED_FUNCTION = YES;
				GCC_WARN_UNUSED_VARIABLE = YES;
				IPHONEOS_DEPLOYMENT_TARGET = 16.0;
				MTL_ENABLE_DEBUG_INFO = INCLUDE_SOURCE;
				MTL_FAST_MATH = YES;
				ONLY_ACTIVE_ARCH = YES;
				SDKROOT = iphoneos;
				SWIFT_ACTIVE_COMPILATION_CONDITIONS = DEBUG;
				SWIFT_OPTIMIZATION_LEVEL = "-Onone";
			};
			name = Debug;
		};
		F2C63A3F28BFCFF000C78717 /* Release */ = {
			isa = XCBuildConfiguration;
			buildSettings = {
				ALWAYS_SEARCH_USER_PATHS = NO;
				CLANG_ANALYZER_NONNULL = YES;
				CLANG_ANALYZER_NUMBER_OBJECT_CONVERSION = YES_AGGRESSIVE;
				CLANG_CXX_LANGUAGE_STANDARD = "gnu++20";
				CLANG_ENABLE_MODULES = YES;
				CLANG_ENABLE_OBJC_ARC = YES;
				CLANG_ENABLE_OBJC_WEAK = YES;
				CLANG_WARN_BLOCK_CAPTURE_AUTORELEASING = YES;
				CLANG_WARN_BOOL_CONVERSION = YES;
				CLANG_WARN_COMMA = YES;
				CLANG_WARN_CONSTANT_CONVERSION = YES;
				CLANG_WARN_DEPRECATED_OBJC_IMPLEMENTATIONS = YES;
				CLANG_WARN_DIRECT_OBJC_ISA_USAGE = YES_ERROR;
				CLANG_WARN_DOCUMENTATION_COMMENTS = YES;
				CLANG_WARN_EMPTY_BODY = YES;
				CLANG_WARN_ENUM_CONVERSION = YES;
				CLANG_WARN_INFINITE_RECURSION = YES;
				CLANG_WARN_INT_CONVERSION = YES;
				CLANG_WARN_NON_LITERAL_NULL_CONVERSION = YES;
				CLANG_WARN_OBJC_IMPLICIT_RETAIN_SELF = YES;
				CLANG_WARN_OBJC_LITERAL_CONVERSION = YES;
				CLANG_WARN_OBJC_ROOT_CLASS = YES_ERROR;
				CLANG_WARN_QUOTED_INCLUDE_IN_FRAMEWORK_HEADER = YES;
				CLANG_WARN_RANGE_LOOP_ANALYSIS = YES;
				CLANG_WARN_STRICT_PROTOTYPES = YES;
				CLANG_WARN_SUSPICIOUS_MOVE = YES;
				CLANG_WARN_UNGUARDED_AVAILABILITY = YES_AGGRESSIVE;
				CLANG_WARN_UNREACHABLE_CODE = YES;
				CLANG_WARN__DUPLICATE_METHOD_MATCH = YES;
				COPY_PHASE_STRIP = NO;
				DEBUG_INFORMATION_FORMAT = "dwarf-with-dsym";
				ENABLE_NS_ASSERTIONS = NO;
				ENABLE_STRICT_OBJC_MSGSEND = YES;
				GCC_C_LANGUAGE_STANDARD = gnu11;
				GCC_NO_COMMON_BLOCKS = YES;
				GCC_WARN_64_TO_32_BIT_CONVERSION = YES;
				GCC_WARN_ABOUT_RETURN_TYPE = YES_ERROR;
				GCC_WARN_UNDECLARED_SELECTOR = YES;
				GCC_WARN_UNINITIALIZED_AUTOS = YES_AGGRESSIVE;
				GCC_WARN_UNUSED_FUNCTION = YES;
				GCC_WARN_UNUSED_VARIABLE = YES;
				IPHONEOS_DEPLOYMENT_TARGET = 16.0;
				MTL_ENABLE_DEBUG_INFO = NO;
				MTL_FAST_MATH = YES;
				SDKROOT = iphoneos;
				SWIFT_COMPILATION_MODE = wholemodule;
				SWIFT_OPTIMIZATION_LEVEL = "-O";
				VALIDATE_PRODUCT = YES;
			};
			name = Release;
		};
		F2C63A4128BFCFF000C78717 /* Debug */ = {
			isa = XCBuildConfiguration;
			buildSettings = {
				ALWAYS_EMBED_SWIFT_STANDARD_LIBRARIES = YES;
				ASSETCATALOG_COMPILER_APPICON_NAME = AppIcon;
				ASSETCATALOG_COMPILER_GLOBAL_ACCENT_COLOR_NAME = AccentColor;
				CODE_SIGN_STYLE = Automatic;
				CURRENT_PROJECT_VERSION = 1;
				DEVELOPMENT_ASSET_PATHS = "\"Emojibook/Preview Content\"";
				DEVELOPMENT_TEAM = VT9QW74UCT;
				ENABLE_PREVIEWS = YES;
				GENERATE_INFOPLIST_FILE = YES;
				INFOPLIST_KEY_UIApplicationSceneManifest_Generation = YES;
				INFOPLIST_KEY_UIApplicationSupportsIndirectInputEvents = YES;
				INFOPLIST_KEY_UILaunchScreen_Generation = YES;
				INFOPLIST_KEY_UISupportedInterfaceOrientations_iPad = "UIInterfaceOrientationPortrait UIInterfaceOrientationPortraitUpsideDown UIInterfaceOrientationLandscapeLeft UIInterfaceOrientationLandscapeRight";
				INFOPLIST_KEY_UISupportedInterfaceOrientations_iPhone = "UIInterfaceOrientationPortrait UIInterfaceOrientationLandscapeLeft UIInterfaceOrientationLandscapeRight";
				LD_RUNPATH_SEARCH_PATHS = (
					"$(inherited)",
					"@executable_path/Frameworks",
				);
				MARKETING_VERSION = 1.0;
				PRODUCT_BUNDLE_IDENTIFIER = joyBangla.Emojibook;
				PRODUCT_NAME = "$(TARGET_NAME)";
				SWIFT_EMIT_LOC_STRINGS = YES;
				SWIFT_VERSION = 5.0;
				TARGETED_DEVICE_FAMILY = "1,2";
			};
			name = Debug;
		};
		F2C63A4228BFCFF000C78717 /* Release */ = {
			isa = XCBuildConfiguration;
			buildSettings = {
				ALWAYS_EMBED_SWIFT_STANDARD_LIBRARIES = YES;
				ASSETCATALOG_COMPILER_APPICON_NAME = AppIcon;
				ASSETCATALOG_COMPILER_GLOBAL_ACCENT_COLOR_NAME = AccentColor;
				CODE_SIGN_STYLE = Automatic;
				CURRENT_PROJECT_VERSION = 1;
				DEVELOPMENT_ASSET_PATHS = "\"Emojibook/Preview Content\"";
				DEVELOPMENT_TEAM = VT9QW74UCT;
				ENABLE_PREVIEWS = YES;
				GENERATE_INFOPLIST_FILE = YES;
				INFOPLIST_KEY_UIApplicationSceneManifest_Generation = YES;
				INFOPLIST_KEY_UIApplicationSupportsIndirectInputEvents = YES;
				INFOPLIST_KEY_UILaunchScreen_Generation = YES;
				INFOPLIST_KEY_UISupportedInterfaceOrientations_iPad = "UIInterfaceOrientationPortrait UIInterfaceOrientationPortraitUpsideDown UIInterfaceOrientationLandscapeLeft UIInterfaceOrientationLandscapeRight";
				INFOPLIST_KEY_UISupportedInterfaceOrientations_iPhone = "UIInterfaceOrientationPortrait UIInterfaceOrientationLandscapeLeft UIInterfaceOrientationLandscapeRight";
				LD_RUNPATH_SEARCH_PATHS = (
					"$(inherited)",
					"@executable_path/Frameworks",
				);
				MARKETING_VERSION = 1.0;
				PRODUCT_BUNDLE_IDENTIFIER = joyBangla.Emojibook;
				PRODUCT_NAME = "$(TARGET_NAME)";
				SWIFT_EMIT_LOC_STRINGS = YES;
				SWIFT_VERSION = 5.0;
				TARGETED_DEVICE_FAMILY = "1,2";
			};
			name = Release;
		};
		F2C63A4428BFCFF000C78717 /* Debug */ = {
			isa = XCBuildConfiguration;
			buildSettings = {
				ALWAYS_EMBED_SWIFT_STANDARD_LIBRARIES = YES;
				BUNDLE_LOADER = "$(TEST_HOST)";
				CODE_SIGN_STYLE = Automatic;
				CURRENT_PROJECT_VERSION = 1;
				DEVELOPMENT_TEAM = VT9QW74UCT;
				GENERATE_INFOPLIST_FILE = YES;
				IPHONEOS_DEPLOYMENT_TARGET = 16.0;
				MARKETING_VERSION = 1.0;
				PRODUCT_BUNDLE_IDENTIFIER = joyBangla.EmojibookTests;
				PRODUCT_NAME = "$(TARGET_NAME)";
				SWIFT_EMIT_LOC_STRINGS = NO;
				SWIFT_VERSION = 5.0;
				TARGETED_DEVICE_FAMILY = "1,2";
				TEST_HOST = "$(BUILT_PRODUCTS_DIR)/Emojibook.app/$(BUNDLE_EXECUTABLE_FOLDER_PATH)/Emojibook";
			};
			name = Debug;
		};
		F2C63A4528BFCFF000C78717 /* Release */ = {
			isa = XCBuildConfiguration;
			buildSettings = {
				ALWAYS_EMBED_SWIFT_STANDARD_LIBRARIES = YES;
				BUNDLE_LOADER = "$(TEST_HOST)";
				CODE_SIGN_STYLE = Automatic;
				CURRENT_PROJECT_VERSION = 1;
				DEVELOPMENT_TEAM = VT9QW74UCT;
				GENERATE_INFOPLIST_FILE = YES;
				IPHONEOS_DEPLOYMENT_TARGET = 16.0;
				MARKETING_VERSION = 1.0;
				PRODUCT_BUNDLE_IDENTIFIER = joyBangla.EmojibookTests;
				PRODUCT_NAME = "$(TARGET_NAME)";
				SWIFT_EMIT_LOC_STRINGS = NO;
				SWIFT_VERSION = 5.0;
				TARGETED_DEVICE_FAMILY = "1,2";
				TEST_HOST = "$(BUILT_PRODUCTS_DIR)/Emojibook.app/$(BUNDLE_EXECUTABLE_FOLDER_PATH)/Emojibook";
			};
			name = Release;
		};
		F2C63A4728BFCFF000C78717 /* Debug */ = {
			isa = XCBuildConfiguration;
			buildSettings = {
				ALWAYS_EMBED_SWIFT_STANDARD_LIBRARIES = YES;
				CODE_SIGN_STYLE = Automatic;
				CURRENT_PROJECT_VERSION = 1;
				DEVELOPMENT_TEAM = VT9QW74UCT;
				GENERATE_INFOPLIST_FILE = YES;
				MARKETING_VERSION = 1.0;
				PRODUCT_BUNDLE_IDENTIFIER = joyBangla.EmojibookUITests;
				PRODUCT_NAME = "$(TARGET_NAME)";
				SWIFT_EMIT_LOC_STRINGS = NO;
				SWIFT_VERSION = 5.0;
				TARGETED_DEVICE_FAMILY = "1,2";
				TEST_TARGET_NAME = Emojibook;
			};
			name = Debug;
		};
		F2C63A4828BFCFF000C78717 /* Release */ = {
			isa = XCBuildConfiguration;
			buildSettings = {
				ALWAYS_EMBED_SWIFT_STANDARD_LIBRARIES = YES;
				CODE_SIGN_STYLE = Automatic;
				CURRENT_PROJECT_VERSION = 1;
				DEVELOPMENT_TEAM = VT9QW74UCT;
				GENERATE_INFOPLIST_FILE = YES;
				MARKETING_VERSION = 1.0;
				PRODUCT_BUNDLE_IDENTIFIER = joyBangla.EmojibookUITests;
				PRODUCT_NAME = "$(TARGET_NAME)";
				SWIFT_EMIT_LOC_STRINGS = NO;
				SWIFT_VERSION = 5.0;
				TARGETED_DEVICE_FAMILY = "1,2";
				TEST_TARGET_NAME = Emojibook;
			};
			name = Release;
		};
		F2C63A6528C01C9400C78717 /* Debug */ = {
			isa = XCBuildConfiguration;
			buildSettings = {
				ASSETCATALOG_COMPILER_GLOBAL_ACCENT_COLOR_NAME = AccentColor;
				ASSETCATALOG_COMPILER_WIDGET_BACKGROUND_COLOR_NAME = WidgetBackground;
				CODE_SIGN_STYLE = Automatic;
				CURRENT_PROJECT_VERSION = 1;
				DEVELOPMENT_TEAM = VT9QW74UCT;
				GENERATE_INFOPLIST_FILE = YES;
				INFOPLIST_FILE = "Emojibook widget/Info.plist";
				INFOPLIST_KEY_CFBundleDisplayName = "Emojibook widget";
				INFOPLIST_KEY_NSHumanReadableCopyright = "";
				LD_RUNPATH_SEARCH_PATHS = (
					"$(inherited)",
					"@executable_path/Frameworks",
					"@executable_path/../../Frameworks",
				);
				MARKETING_VERSION = 1.0;
				PRODUCT_BUNDLE_IDENTIFIER = "joyBangla.Emojibook.Emojibook-widget";
				PRODUCT_NAME = "$(TARGET_NAME)";
				SKIP_INSTALL = YES;
				SWIFT_EMIT_LOC_STRINGS = YES;
				SWIFT_VERSION = 5.0;
				TARGETED_DEVICE_FAMILY = "1,2";
			};
			name = Debug;
		};
		F2C63A6628C01C9400C78717 /* Release */ = {
			isa = XCBuildConfiguration;
			buildSettings = {
				ASSETCATALOG_COMPILER_GLOBAL_ACCENT_COLOR_NAME = AccentColor;
				ASSETCATALOG_COMPILER_WIDGET_BACKGROUND_COLOR_NAME = WidgetBackground;
				CODE_SIGN_STYLE = Automatic;
				CURRENT_PROJECT_VERSION = 1;
				DEVELOPMENT_TEAM = VT9QW74UCT;
				GENERATE_INFOPLIST_FILE = YES;
				INFOPLIST_FILE = "Emojibook widget/Info.plist";
				INFOPLIST_KEY_CFBundleDisplayName = "Emojibook widget";
				INFOPLIST_KEY_NSHumanReadableCopyright = "";
				LD_RUNPATH_SEARCH_PATHS = (
					"$(inherited)",
					"@executable_path/Frameworks",
					"@executable_path/../../Frameworks",
				);
				MARKETING_VERSION = 1.0;
				PRODUCT_BUNDLE_IDENTIFIER = "joyBangla.Emojibook.Emojibook-widget";
				PRODUCT_NAME = "$(TARGET_NAME)";
				SKIP_INSTALL = YES;
				SWIFT_EMIT_LOC_STRINGS = YES;
				SWIFT_VERSION = 5.0;
				TARGETED_DEVICE_FAMILY = "1,2";
			};
			name = Release;
		};
/* End XCBuildConfiguration section */

/* Begin XCConfigurationList section */
		F2C63A1728BFCFEF00C78717 /* Build configuration list for PBXProject "Emojibook" */ = {
			isa = XCConfigurationList;
			buildConfigurations = (
				F2C63A3E28BFCFF000C78717 /* Debug */,
				F2C63A3F28BFCFF000C78717 /* Release */,
			);
			defaultConfigurationIsVisible = 0;
			defaultConfigurationName = Release;
		};
		F2C63A4028BFCFF000C78717 /* Build configuration list for PBXNativeTarget "Emojibook" */ = {
			isa = XCConfigurationList;
			buildConfigurations = (
				F2C63A4128BFCFF000C78717 /* Debug */,
				F2C63A4228BFCFF000C78717 /* Release */,
			);
			defaultConfigurationIsVisible = 0;
			defaultConfigurationName = Release;
		};
		F2C63A4328BFCFF000C78717 /* Build configuration list for PBXNativeTarget "EmojibookTests" */ = {
			isa = XCConfigurationList;
			buildConfigurations = (
				F2C63A4428BFCFF000C78717 /* Debug */,
				F2C63A4528BFCFF000C78717 /* Release */,
			);
			defaultConfigurationIsVisible = 0;
			defaultConfigurationName = Release;
		};
		F2C63A4628BFCFF000C78717 /* Build configuration list for PBXNativeTarget "EmojibookUITests" */ = {
			isa = XCConfigurationList;
			buildConfigurations = (
				F2C63A4728BFCFF000C78717 /* Debug */,
				F2C63A4828BFCFF000C78717 /* Release */,
			);
			defaultConfigurationIsVisible = 0;
			defaultConfigurationName = Release;
		};
		F2C63A6428C01C9400C78717 /* Build configuration list for PBXNativeTarget "Emojibook widgetExtension" */ = {
			isa = XCConfigurationList;
			buildConfigurations = (
				F2C63A6528C01C9400C78717 /* Debug */,
				F2C63A6628C01C9400C78717 /* Release */,
			);
			defaultConfigurationIsVisible = 0;
			defaultConfigurationName = Release;
		};
/* End XCConfigurationList section */
	};
	rootObject = F2C63A1428BFCFEF00C78717 /* Project object */;
}
